
Microsoft Visual Studio Solution File, Format Version 12.00
# Visual Studio Version 17
VisualStudioVersion = 17.0.31903.59
MinimumVisualStudioVersion = 10.0.40219.1
Project("{2150E333-8FDC-42A3-9474-1A3956D46DE8}") = "src", "src", "{827E0CD3-B72D-47B6-A68D-7590B98EB39B}"
EndProject
Project("{FAE04EC0-301F-11D3-BF4B-00C04F79EFBC}") = "EventStreaming", "src\EventStreaming\EventStreaming.csproj", "{E80BA08A-7EA8-4A0F-908E-03BE5BA02E1E}"
EndProject
Project("{2150E333-8FDC-42A3-9474-1A3956D46DE8}") = "tests", "tests", "{0AB3BF05-4346-4AA6-1389-037BE0695223}"
EndProject
Project("{FAE04EC0-301F-11D3-BF4B-00C04F79EFBC}") = "EventStreaming.Tests", "tests\EventStreaming.Tests\EventStreaming.Tests.csproj", "{653FFFC2-2DA4-4452-AA5E-8370AD997508}"
EndProject
Project("{FAE04EC0-301F-11D3-BF4B-00C04F79EFBC}") = "EventStreaming.DependencyInjection", "src\EventStreaming.DependencyInjection\EventStreaming.DependencyInjection.csproj", "{19B0E7EE-07BC-46D3-849C-7F8A99E0CEC9}"
EndProject
Project("{FAE04EC0-301F-11D3-BF4B-00C04F79EFBC}") = "EventStreaming.JsonNet", "src\EventStreaming.JsonNet\EventStreaming.JsonNet.csproj", "{D68BA950-9181-47C1-B7F9-C10639FFD3D6}"
EndProject
Project("{FAE04EC0-301F-11D3-BF4B-00C04F79EFBC}") = "EventStreaming.SystemTextJson", "src\EventStreaming.SystemTextJson\EventStreaming.SystemTextJson.csproj", "{26DE5A55-DABF-48DC-816F-636E1E7719F0}"
EndProject
Project("{FAE04EC0-301F-11D3-BF4B-00C04F79EFBC}") = "EventStreaming.DependencyInjection.Tests", "tests\EventStreaming.DependencyInjection.Tests\EventStreaming.DependencyInjection.Tests.csproj", "{2E8FB0AF-D76D-42F1-AD17-B986D9AD2BA1}"
EndProject
Project("{FAE04EC0-301F-11D3-BF4B-00C04F79EFBC}") = "EventStreaming.JsonNet.Tests", "tests\EventStreaming.JsonNet.Tests\EventStreaming.JsonNet.Tests.csproj", "{B84DC7A2-7C6B-41D0-A70B-70D0D5FB21B2}"
EndProject
Project("{FAE04EC0-301F-11D3-BF4B-00C04F79EFBC}") = "EventStreaming.SystemTextJson.Tests", "tests\EventStreaming.SystemTextJson.Tests\EventStreaming.SystemTextJson.Tests.csproj", "{D1DEB162-8885-468A-84F1-8B809FF71888}"
EndProject
Project("{2150E333-8FDC-42A3-9474-1A3956D46DE8}") = "Solution Items", "Solution Items", "{02EA681E-C7D8-13C7-8484-4AC65E1B71E8}"
	ProjectSection(SolutionItems) = preProject
		.editorconfig = .editorconfig
		.gitignore = .gitignore
		CHANGELOG.md = CHANGELOG.md
		LICENCE = LICENCE
		PLANNING.md = PLANNING.md
		README.md = README.md
		stryker-config.json = stryker-config.json
		TASK.md = TASK.md
	EndProjectSection
EndProject
Project("{FAE04EC0-301F-11D3-BF4B-00C04F79EFBC}") = "EventStreaming.Builders", "src\EventStreaming.Builders\EventStreaming.Builders.csproj", "{CD884DC3-A860-45DE-99B6-6336088A7071}"
EndProject
Project("{FAE04EC0-301F-11D3-BF4B-00C04F79EFBC}") = "EventStreaming.Builders.Tests", "tests\EventStreaming.Builders.Tests\EventStreaming.Builders.Tests.csproj", "{062E198D-A03E-4E12-B0DF-B895FA7BDD93}"
EndProject
Project("{FAE04EC0-301F-11D3-BF4B-00C04F79EFBC}") = "EventStreaming.Primitives.Tests", "tests\EventStreaming.Primitives.Tests\EventStreaming.Primitives.Tests.csproj", "{6F7AA782-A056-4340-9591-D805D44EC3E8}"
EndProject
Project("{FAE04EC0-301F-11D3-BF4B-00C04F79EFBC}") = "EventStreaming.Primitives", "src\EventStreaming.Primitives\EventStreaming.Primitives.csproj", "{8FE3795D-470E-4408-B132-B12A46646ED3}"
EndProject
Project("{FAE04EC0-301F-11D3-BF4B-00C04F79EFBC}") = "EventStreaming.Buffering", "src\EventStreaming.Buffering\EventStreaming.Buffering.csproj", "{D62662AD-F574-4297-BF16-8503B7B82485}"
EndProject
Project("{FAE04EC0-301F-11D3-BF4B-00C04F79EFBC}") = "EventStreaming.Buffering.Tests", "tests\EventStreaming.Buffering.Tests\EventStreaming.Buffering.Tests.csproj", "{627282B6-AE43-4B70-B2D3-66E01A61C7C4}"
EndProject
Global
	GlobalSection(SolutionConfigurationPlatforms) = preSolution
		Debug|Any CPU = Debug|Any CPU
		Debug|x64 = Debug|x64
		Debug|x86 = Debug|x86
		Release|Any CPU = Release|Any CPU
		Release|x64 = Release|x64
		Release|x86 = Release|x86
	EndGlobalSection
	GlobalSection(ProjectConfigurationPlatforms) = postSolution
		{E80BA08A-7EA8-4A0F-908E-03BE5BA02E1E}.Debug|Any CPU.ActiveCfg = Debug|Any CPU
		{E80BA08A-7EA8-4A0F-908E-03BE5BA02E1E}.Debug|Any CPU.Build.0 = Debug|Any CPU
		{E80BA08A-7EA8-4A0F-908E-03BE5BA02E1E}.Debug|x64.ActiveCfg = Debug|Any CPU
		{E80BA08A-7EA8-4A0F-908E-03BE5BA02E1E}.Debug|x64.Build.0 = Debug|Any CPU
		{E80BA08A-7EA8-4A0F-908E-03BE5BA02E1E}.Debug|x86.ActiveCfg = Debug|Any CPU
		{E80BA08A-7EA8-4A0F-908E-03BE5BA02E1E}.Debug|x86.Build.0 = Debug|Any CPU
		{E80BA08A-7EA8-4A0F-908E-03BE5BA02E1E}.Release|Any CPU.ActiveCfg = Release|Any CPU
		{E80BA08A-7EA8-4A0F-908E-03BE5BA02E1E}.Release|Any CPU.Build.0 = Release|Any CPU
		{E80BA08A-7EA8-4A0F-908E-03BE5BA02E1E}.Release|x64.ActiveCfg = Release|Any CPU
		{E80BA08A-7EA8-4A0F-908E-03BE5BA02E1E}.Release|x64.Build.0 = Release|Any CPU
		{E80BA08A-7EA8-4A0F-908E-03BE5BA02E1E}.Release|x86.ActiveCfg = Release|Any CPU
		{E80BA08A-7EA8-4A0F-908E-03BE5BA02E1E}.Release|x86.Build.0 = Release|Any CPU
		{653FFFC2-2DA4-4452-AA5E-8370AD997508}.Debug|Any CPU.ActiveCfg = Debug|Any CPU
		{653FFFC2-2DA4-4452-AA5E-8370AD997508}.Debug|Any CPU.Build.0 = Debug|Any CPU
		{653FFFC2-2DA4-4452-AA5E-8370AD997508}.Debug|x64.ActiveCfg = Debug|Any CPU
		{653FFFC2-2DA4-4452-AA5E-8370AD997508}.Debug|x64.Build.0 = Debug|Any CPU
		{653FFFC2-2DA4-4452-AA5E-8370AD997508}.Debug|x86.ActiveCfg = Debug|Any CPU
		{653FFFC2-2DA4-4452-AA5E-8370AD997508}.Debug|x86.Build.0 = Debug|Any CPU
		{653FFFC2-2DA4-4452-AA5E-8370AD997508}.Release|Any CPU.ActiveCfg = Release|Any CPU
		{653FFFC2-2DA4-4452-AA5E-8370AD997508}.Release|Any CPU.Build.0 = Release|Any CPU
		{653FFFC2-2DA4-4452-AA5E-8370AD997508}.Release|x64.ActiveCfg = Release|Any CPU
		{653FFFC2-2DA4-4452-AA5E-8370AD997508}.Release|x64.Build.0 = Release|Any CPU
		{653FFFC2-2DA4-4452-AA5E-8370AD997508}.Release|x86.ActiveCfg = Release|Any CPU
		{653FFFC2-2DA4-4452-AA5E-8370AD997508}.Release|x86.Build.0 = Release|Any CPU
		{19B0E7EE-07BC-46D3-849C-7F8A99E0CEC9}.Debug|Any CPU.ActiveCfg = Debug|Any CPU
		{19B0E7EE-07BC-46D3-849C-7F8A99E0CEC9}.Debug|Any CPU.Build.0 = Debug|Any CPU
		{19B0E7EE-07BC-46D3-849C-7F8A99E0CEC9}.Debug|x64.ActiveCfg = Debug|Any CPU
		{19B0E7EE-07BC-46D3-849C-7F8A99E0CEC9}.Debug|x64.Build.0 = Debug|Any CPU
		{19B0E7EE-07BC-46D3-849C-7F8A99E0CEC9}.Debug|x86.ActiveCfg = Debug|Any CPU
		{19B0E7EE-07BC-46D3-849C-7F8A99E0CEC9}.Debug|x86.Build.0 = Debug|Any CPU
		{19B0E7EE-07BC-46D3-849C-7F8A99E0CEC9}.Release|Any CPU.ActiveCfg = Release|Any CPU
		{19B0E7EE-07BC-46D3-849C-7F8A99E0CEC9}.Release|Any CPU.Build.0 = Release|Any CPU
		{19B0E7EE-07BC-46D3-849C-7F8A99E0CEC9}.Release|x64.ActiveCfg = Release|Any CPU
		{19B0E7EE-07BC-46D3-849C-7F8A99E0CEC9}.Release|x64.Build.0 = Release|Any CPU
		{19B0E7EE-07BC-46D3-849C-7F8A99E0CEC9}.Release|x86.ActiveCfg = Release|Any CPU
		{19B0E7EE-07BC-46D3-849C-7F8A99E0CEC9}.Release|x86.Build.0 = Release|Any CPU
		{D68BA950-9181-47C1-B7F9-C10639FFD3D6}.Debug|Any CPU.ActiveCfg = Debug|Any CPU
		{D68BA950-9181-47C1-B7F9-C10639FFD3D6}.Debug|Any CPU.Build.0 = Debug|Any CPU
		{D68BA950-9181-47C1-B7F9-C10639FFD3D6}.Debug|x64.ActiveCfg = Debug|Any CPU
		{D68BA950-9181-47C1-B7F9-C10639FFD3D6}.Debug|x64.Build.0 = Debug|Any CPU
		{D68BA950-9181-47C1-B7F9-C10639FFD3D6}.Debug|x86.ActiveCfg = Debug|Any CPU
		{D68BA950-9181-47C1-B7F9-C10639FFD3D6}.Debug|x86.Build.0 = Debug|Any CPU
		{D68BA950-9181-47C1-B7F9-C10639FFD3D6}.Release|Any CPU.ActiveCfg = Release|Any CPU
		{D68BA950-9181-47C1-B7F9-C10639FFD3D6}.Release|Any CPU.Build.0 = Release|Any CPU
		{D68BA950-9181-47C1-B7F9-C10639FFD3D6}.Release|x64.ActiveCfg = Release|Any CPU
		{D68BA950-9181-47C1-B7F9-C10639FFD3D6}.Release|x64.Build.0 = Release|Any CPU
		{D68BA950-9181-47C1-B7F9-C10639FFD3D6}.Release|x86.ActiveCfg = Release|Any CPU
		{D68BA950-9181-47C1-B7F9-C10639FFD3D6}.Release|x86.Build.0 = Release|Any CPU
		{26DE5A55-DABF-48DC-816F-636E1E7719F0}.Debug|Any CPU.ActiveCfg = Debug|Any CPU
		{26DE5A55-DABF-48DC-816F-636E1E7719F0}.Debug|Any CPU.Build.0 = Debug|Any CPU
		{26DE5A55-DABF-48DC-816F-636E1E7719F0}.Debug|x64.ActiveCfg = Debug|Any CPU
		{26DE5A55-DABF-48DC-816F-636E1E7719F0}.Debug|x64.Build.0 = Debug|Any CPU
		{26DE5A55-DABF-48DC-816F-636E1E7719F0}.Debug|x86.ActiveCfg = Debug|Any CPU
		{26DE5A55-DABF-48DC-816F-636E1E7719F0}.Debug|x86.Build.0 = Debug|Any CPU
		{26DE5A55-DABF-48DC-816F-636E1E7719F0}.Release|Any CPU.ActiveCfg = Release|Any CPU
		{26DE5A55-DABF-48DC-816F-636E1E7719F0}.Release|Any CPU.Build.0 = Release|Any CPU
		{26DE5A55-DABF-48DC-816F-636E1E7719F0}.Release|x64.ActiveCfg = Release|Any CPU
		{26DE5A55-DABF-48DC-816F-636E1E7719F0}.Release|x64.Build.0 = Release|Any CPU
		{26DE5A55-DABF-48DC-816F-636E1E7719F0}.Release|x86.ActiveCfg = Release|Any CPU
		{26DE5A55-DABF-48DC-816F-636E1E7719F0}.Release|x86.Build.0 = Release|Any CPU
		{2E8FB0AF-D76D-42F1-AD17-B986D9AD2BA1}.Debug|Any CPU.ActiveCfg = Debug|Any CPU
		{2E8FB0AF-D76D-42F1-AD17-B986D9AD2BA1}.Debug|Any CPU.Build.0 = Debug|Any CPU
		{2E8FB0AF-D76D-42F1-AD17-B986D9AD2BA1}.Debug|x64.ActiveCfg = Debug|Any CPU
		{2E8FB0AF-D76D-42F1-AD17-B986D9AD2BA1}.Debug|x64.Build.0 = Debug|Any CPU
		{2E8FB0AF-D76D-42F1-AD17-B986D9AD2BA1}.Debug|x86.ActiveCfg = Debug|Any CPU
		{2E8FB0AF-D76D-42F1-AD17-B986D9AD2BA1}.Debug|x86.Build.0 = Debug|Any CPU
		{2E8FB0AF-D76D-42F1-AD17-B986D9AD2BA1}.Release|Any CPU.ActiveCfg = Release|Any CPU
		{2E8FB0AF-D76D-42F1-AD17-B986D9AD2BA1}.Release|Any CPU.Build.0 = Release|Any CPU
		{2E8FB0AF-D76D-42F1-AD17-B986D9AD2BA1}.Release|x64.ActiveCfg = Release|Any CPU
		{2E8FB0AF-D76D-42F1-AD17-B986D9AD2BA1}.Release|x64.Build.0 = Release|Any CPU
		{2E8FB0AF-D76D-42F1-AD17-B986D9AD2BA1}.Release|x86.ActiveCfg = Release|Any CPU
		{2E8FB0AF-D76D-42F1-AD17-B986D9AD2BA1}.Release|x86.Build.0 = Release|Any CPU
		{B84DC7A2-7C6B-41D0-A70B-70D0D5FB21B2}.Debug|Any CPU.ActiveCfg = Debug|Any CPU
		{B84DC7A2-7C6B-41D0-A70B-70D0D5FB21B2}.Debug|Any CPU.Build.0 = Debug|Any CPU
		{B84DC7A2-7C6B-41D0-A70B-70D0D5FB21B2}.Debug|x64.ActiveCfg = Debug|Any CPU
		{B84DC7A2-7C6B-41D0-A70B-70D0D5FB21B2}.Debug|x64.Build.0 = Debug|Any CPU
		{B84DC7A2-7C6B-41D0-A70B-70D0D5FB21B2}.Debug|x86.ActiveCfg = Debug|Any CPU
		{B84DC7A2-7C6B-41D0-A70B-70D0D5FB21B2}.Debug|x86.Build.0 = Debug|Any CPU
		{B84DC7A2-7C6B-41D0-A70B-70D0D5FB21B2}.Release|Any CPU.ActiveCfg = Release|Any CPU
		{B84DC7A2-7C6B-41D0-A70B-70D0D5FB21B2}.Release|Any CPU.Build.0 = Release|Any CPU
		{B84DC7A2-7C6B-41D0-A70B-70D0D5FB21B2}.Release|x64.ActiveCfg = Release|Any CPU
		{B84DC7A2-7C6B-41D0-A70B-70D0D5FB21B2}.Release|x64.Build.0 = Release|Any CPU
		{B84DC7A2-7C6B-41D0-A70B-70D0D5FB21B2}.Release|x86.ActiveCfg = Release|Any CPU
		{B84DC7A2-7C6B-41D0-A70B-70D0D5FB21B2}.Release|x86.Build.0 = Release|Any CPU
		{D1DEB162-8885-468A-84F1-8B809FF71888}.Debug|Any CPU.ActiveCfg = Debug|Any CPU
		{D1DEB162-8885-468A-84F1-8B809FF71888}.Debug|Any CPU.Build.0 = Debug|Any CPU
		{D1DEB162-8885-468A-84F1-8B809FF71888}.Debug|x64.ActiveCfg = Debug|Any CPU
		{D1DEB162-8885-468A-84F1-8B809FF71888}.Debug|x64.Build.0 = Debug|Any CPU
		{D1DEB162-8885-468A-84F1-8B809FF71888}.Debug|x86.ActiveCfg = Debug|Any CPU
		{D1DEB162-8885-468A-84F1-8B809FF71888}.Debug|x86.Build.0 = Debug|Any CPU
		{D1DEB162-8885-468A-84F1-8B809FF71888}.Release|Any CPU.ActiveCfg = Release|Any CPU
		{D1DEB162-8885-468A-84F1-8B809FF71888}.Release|Any CPU.Build.0 = Release|Any CPU
		{D1DEB162-8885-468A-84F1-8B809FF71888}.Release|x64.ActiveCfg = Release|Any CPU
		{D1DEB162-8885-468A-84F1-8B809FF71888}.Release|x64.Build.0 = Release|Any CPU
		{D1DEB162-8885-468A-84F1-8B809FF71888}.Release|x86.ActiveCfg = Release|Any CPU
		{D1DEB162-8885-468A-84F1-8B809FF71888}.Release|x86.Build.0 = Release|Any CPU
		{CD884DC3-A860-45DE-99B6-6336088A7071}.Debug|Any CPU.ActiveCfg = Debug|Any CPU
		{CD884DC3-A860-45DE-99B6-6336088A7071}.Debug|Any CPU.Build.0 = Debug|Any CPU
		{CD884DC3-A860-45DE-99B6-6336088A7071}.Debug|x64.ActiveCfg = Debug|Any CPU
		{CD884DC3-A860-45DE-99B6-6336088A7071}.Debug|x64.Build.0 = Debug|Any CPU
		{CD884DC3-A860-45DE-99B6-6336088A7071}.Debug|x86.ActiveCfg = Debug|Any CPU
		{CD884DC3-A860-45DE-99B6-6336088A7071}.Debug|x86.Build.0 = Debug|Any CPU
		{CD884DC3-A860-45DE-99B6-6336088A7071}.Release|Any CPU.ActiveCfg = Release|Any CPU
		{CD884DC3-A860-45DE-99B6-6336088A7071}.Release|Any CPU.Build.0 = Release|Any CPU
		{CD884DC3-A860-45DE-99B6-6336088A7071}.Release|x64.ActiveCfg = Release|Any CPU
		{CD884DC3-A860-45DE-99B6-6336088A7071}.Release|x64.Build.0 = Release|Any CPU
		{CD884DC3-A860-45DE-99B6-6336088A7071}.Release|x86.ActiveCfg = Release|Any CPU
		{CD884DC3-A860-45DE-99B6-6336088A7071}.Release|x86.Build.0 = Release|Any CPU
		{062E198D-A03E-4E12-B0DF-B895FA7BDD93}.Debug|Any CPU.ActiveCfg = Debug|Any CPU
		{062E198D-A03E-4E12-B0DF-B895FA7BDD93}.Debug|Any CPU.Build.0 = Debug|Any CPU
		{062E198D-A03E-4E12-B0DF-B895FA7BDD93}.Debug|x64.ActiveCfg = Debug|Any CPU
		{062E198D-A03E-4E12-B0DF-B895FA7BDD93}.Debug|x64.Build.0 = Debug|Any CPU
		{062E198D-A03E-4E12-B0DF-B895FA7BDD93}.Debug|x86.ActiveCfg = Debug|Any CPU
		{062E198D-A03E-4E12-B0DF-B895FA7BDD93}.Debug|x86.Build.0 = Debug|Any CPU
		{062E198D-A03E-4E12-B0DF-B895FA7BDD93}.Release|Any CPU.ActiveCfg = Release|Any CPU
		{062E198D-A03E-4E12-B0DF-B895FA7BDD93}.Release|Any CPU.Build.0 = Release|Any CPU
		{062E198D-A03E-4E12-B0DF-B895FA7BDD93}.Release|x64.ActiveCfg = Release|Any CPU
		{062E198D-A03E-4E12-B0DF-B895FA7BDD93}.Release|x64.Build.0 = Release|Any CPU
		{062E198D-A03E-4E12-B0DF-B895FA7BDD93}.Release|x86.ActiveCfg = Release|Any CPU
		{062E198D-A03E-4E12-B0DF-B895FA7BDD93}.Release|x86.Build.0 = Release|Any CPU
		{6F7AA782-A056-4340-9591-D805D44EC3E8}.Debug|Any CPU.ActiveCfg = Debug|Any CPU
		{6F7AA782-A056-4340-9591-D805D44EC3E8}.Debug|Any CPU.Build.0 = Debug|Any CPU
		{6F7AA782-A056-4340-9591-D805D44EC3E8}.Debug|x64.ActiveCfg = Debug|Any CPU
		{6F7AA782-A056-4340-9591-D805D44EC3E8}.Debug|x64.Build.0 = Debug|Any CPU
		{6F7AA782-A056-4340-9591-D805D44EC3E8}.Debug|x86.ActiveCfg = Debug|Any CPU
		{6F7AA782-A056-4340-9591-D805D44EC3E8}.Debug|x86.Build.0 = Debug|Any CPU
		{6F7AA782-A056-4340-9591-D805D44EC3E8}.Release|Any CPU.ActiveCfg = Release|Any CPU
		{6F7AA782-A056-4340-9591-D805D44EC3E8}.Release|Any CPU.Build.0 = Release|Any CPU
		{6F7AA782-A056-4340-9591-D805D44EC3E8}.Release|x64.ActiveCfg = Release|Any CPU
		{6F7AA782-A056-4340-9591-D805D44EC3E8}.Release|x64.Build.0 = Release|Any CPU
		{6F7AA782-A056-4340-9591-D805D44EC3E8}.Release|x86.ActiveCfg = Release|Any CPU
		{6F7AA782-A056-4340-9591-D805D44EC3E8}.Release|x86.Build.0 = Release|Any CPU
		{8FE3795D-470E-4408-B132-B12A46646ED3}.Debug|Any CPU.ActiveCfg = Debug|Any CPU
		{8FE3795D-470E-4408-B132-B12A46646ED3}.Debug|Any CPU.Build.0 = Debug|Any CPU
		{8FE3795D-470E-4408-B132-B12A46646ED3}.Debug|x64.ActiveCfg = Debug|Any CPU
		{8FE3795D-470E-4408-B132-B12A46646ED3}.Debug|x64.Build.0 = Debug|Any CPU
		{8FE3795D-470E-4408-B132-B12A46646ED3}.Debug|x86.ActiveCfg = Debug|Any CPU
		{8FE3795D-470E-4408-B132-B12A46646ED3}.Debug|x86.Build.0 = Debug|Any CPU
		{8FE3795D-470E-4408-B132-B12A46646ED3}.Release|Any CPU.ActiveCfg = Release|Any CPU
		{8FE3795D-470E-4408-B132-B12A46646ED3}.Release|Any CPU.Build.0 = Release|Any CPU
		{8FE3795D-470E-4408-B132-B12A46646ED3}.Release|x64.ActiveCfg = Release|Any CPU
		{8FE3795D-470E-4408-B132-B12A46646ED3}.Release|x64.Build.0 = Release|Any CPU
		{8FE3795D-470E-4408-B132-B12A46646ED3}.Release|x86.ActiveCfg = Release|Any CPU
		{8FE3795D-470E-4408-B132-B12A46646ED3}.Release|x86.Build.0 = Release|Any CPU
		{D62662AD-F574-4297-BF16-8503B7B82485}.Debug|Any CPU.ActiveCfg = Debug|Any CPU
		{D62662AD-F574-4297-BF16-8503B7B82485}.Debug|Any CPU.Build.0 = Debug|Any CPU
		{D62662AD-F574-4297-BF16-8503B7B82485}.Debug|x64.ActiveCfg = Debug|Any CPU
		{D62662AD-F574-4297-BF16-8503B7B82485}.Debug|x64.Build.0 = Debug|Any CPU
		{D62662AD-F574-4297-BF16-8503B7B82485}.Debug|x86.ActiveCfg = Debug|Any CPU
		{D62662AD-F574-4297-BF16-8503B7B82485}.Debug|x86.Build.0 = Debug|Any CPU
		{D62662AD-F574-4297-BF16-8503B7B82485}.Release|Any CPU.ActiveCfg = Release|Any CPU
		{D62662AD-F574-4297-BF16-8503B7B82485}.Release|Any CPU.Build.0 = Release|Any CPU
		{D62662AD-F574-4297-BF16-8503B7B82485}.Release|x64.ActiveCfg = Release|Any CPU
		{D62662AD-F574-4297-BF16-8503B7B82485}.Release|x64.Build.0 = Release|Any CPU
		{D62662AD-F574-4297-BF16-8503B7B82485}.Release|x86.ActiveCfg = Release|Any CPU
		{D62662AD-F574-4297-BF16-8503B7B82485}.Release|x86.Build.0 = Release|Any CPU
		{627282B6-AE43-4B70-B2D3-66E01A61C7C4}.Debug|Any CPU.ActiveCfg = Debug|Any CPU
		{627282B6-AE43-4B70-B2D3-66E01A61C7C4}.Debug|Any CPU.Build.0 = Debug|Any CPU
		{627282B6-AE43-4B70-B2D3-66E01A61C7C4}.Debug|x64.ActiveCfg = Debug|Any CPU
		{627282B6-AE43-4B70-B2D3-66E01A61C7C4}.Debug|x64.Build.0 = Debug|Any CPU
		{627282B6-AE43-4B70-B2D3-66E01A61C7C4}.Debug|x86.ActiveCfg = Debug|Any CPU
		{627282B6-AE43-4B70-B2D3-66E01A61C7C4}.Debug|x86.Build.0 = Debug|Any CPU
		{627282B6-AE43-4B70-B2D3-66E01A61C7C4}.Release|Any CPU.ActiveCfg = Release|Any CPU
		{627282B6-AE43-4B70-B2D3-66E01A61C7C4}.Release|Any CPU.Build.0 = Release|Any CPU
		{627282B6-AE43-4B70-B2D3-66E01A61C7C4}.Release|x64.ActiveCfg = Release|Any CPU
		{627282B6-AE43-4B70-B2D3-66E01A61C7C4}.Release|x64.Build.0 = Release|Any CPU
		{627282B6-AE43-4B70-B2D3-66E01A61C7C4}.Release|x86.ActiveCfg = Release|Any CPU
		{627282B6-AE43-4B70-B2D3-66E01A61C7C4}.Release|x86.Build.0 = Release|Any CPU
	EndGlobalSection
	GlobalSection(SolutionProperties) = preSolution
		HideSolutionNode = FALSE
	EndGlobalSection
	GlobalSection(NestedProjects) = preSolution
		{E80BA08A-7EA8-4A0F-908E-03BE5BA02E1E} = {827E0CD3-B72D-47B6-A68D-7590B98EB39B}
		{653FFFC2-2DA4-4452-AA5E-8370AD997508} = {0AB3BF05-4346-4AA6-1389-037BE0695223}
		{19B0E7EE-07BC-46D3-849C-7F8A99E0CEC9} = {827E0CD3-B72D-47B6-A68D-7590B98EB39B}
		{D68BA950-9181-47C1-B7F9-C10639FFD3D6} = {827E0CD3-B72D-47B6-A68D-7590B98EB39B}
		{26DE5A55-DABF-48DC-816F-636E1E7719F0} = {827E0CD3-B72D-47B6-A68D-7590B98EB39B}
		{2E8FB0AF-D76D-42F1-AD17-B986D9AD2BA1} = {0AB3BF05-4346-4AA6-1389-037BE0695223}
		{B84DC7A2-7C6B-41D0-A70B-70D0D5FB21B2} = {0AB3BF05-4346-4AA6-1389-037BE0695223}
		{D1DEB162-8885-468A-84F1-8B809FF71888} = {0AB3BF05-4346-4AA6-1389-037BE0695223}
		{CD884DC3-A860-45DE-99B6-6336088A7071} = {827E0CD3-B72D-47B6-A68D-7590B98EB39B}
		{062E198D-A03E-4E12-B0DF-B895FA7BDD93} = {0AB3BF05-4346-4AA6-1389-037BE0695223}
		{6F7AA782-A056-4340-9591-D805D44EC3E8} = {0AB3BF05-4346-4AA6-1389-037BE0695223}
		{8FE3795D-470E-4408-B132-B12A46646ED3} = {827E0CD3-B72D-47B6-A68D-7590B98EB39B}
		{D62662AD-F574-4297-BF16-8503B7B82485} = {827E0CD3-B72D-47B6-A68D-7590B98EB39B}
		{627282B6-AE43-4B70-B2D3-66E01A61C7C4} = {0AB3BF05-4346-4AA6-1389-037BE0695223}
	EndGlobalSection
	GlobalSection(ExtensibilityGlobals) = postSolution
		SolutionGuid = {B3D71278-90CB-424F-A1B7-6EA0A5FAF897}
	EndGlobalSection
EndGlobal
